
Microsoft Visual Studio Solution File, Format Version 12.00
# Visual Studio Version 16
VisualStudioVersion = 16.0.31129.286
MinimumVisualStudioVersion = 10.0.40219.1
Project("{FAE04EC0-301F-11D3-BF4B-00C04F79EFBC}") = "DungeonMayhem", "DungeonMayhem\DungeonMayhem.csproj", "{6F0DD985-D02D-40B4-9287-57361B379EFC}"
EndProject
Project("{FAE04EC0-301F-11D3-BF4B-00C04F79EFBC}") = "Game.ConsoleApp", "Game.ConsoleApp\Game.ConsoleApp.csproj", "{22760C29-EB03-48E1-9E5B-84D4F6B73336}"
EndProject
Project("{FAE04EC0-301F-11D3-BF4B-00C04F79EFBC}") = "DungeonMayhem.Library", "DungeonMayhem.Library\DungeonMayhem.Library.csproj", "{C8248C6F-6B8F-4472-9260-CD301E5606FB}"
EndProject
Global
	GlobalSection(SolutionConfigurationPlatforms) = preSolution
		Debug|Any CPU = Debug|Any CPU
		Release|Any CPU = Release|Any CPU
	EndGlobalSection
	GlobalSection(ProjectConfigurationPlatforms) = postSolution
		{6F0DD985-D02D-40B4-9287-57361B379EFC}.Debug|Any CPU.ActiveCfg = Debug|Any CPU
		{6F0DD985-D02D-40B4-9287-57361B379EFC}.Debug|Any CPU.Build.0 = Debug|Any CPU
		{6F0DD985-D02D-40B4-9287-57361B379EFC}.Release|Any CPU.ActiveCfg = Release|Any CPU
		{6F0DD985-D02D-40B4-9287-57361B379EFC}.Release|Any CPU.Build.0 = Release|Any CPU
		{22760C29-EB03-48E1-9E5B-84D4F6B73336}.Debug|Any CPU.ActiveCfg = Debug|Any CPU
		{22760C29-EB03-48E1-9E5B-84D4F6B73336}.Debug|Any CPU.Build.0 = Debug|Any CPU
		{22760C29-EB03-48E1-9E5B-84D4F6B73336}.Release|Any CPU.ActiveCfg = Release|Any CPU
		{22760C29-EB03-48E1-9E5B-84D4F6B73336}.Release|Any CPU.Build.0 = Release|Any CPU
		{C8248C6F-6B8F-4472-9260-CD301E5606FB}.Debug|Any CPU.ActiveCfg = Debug|Any CPU
		{C8248C6F-6B8F-4472-9260-CD301E5606FB}.Debug|Any CPU.Build.0 = Debug|Any CPU
		{C8248C6F-6B8F-4472-9260-CD301E5606FB}.Release|Any CPU.ActiveCfg = Release|Any CPU
		{C8248C6F-6B8F-4472-9260-CD301E5606FB}.Release|Any CPU.Build.0 = Release|Any CPU
	EndGlobalSection
	GlobalSection(SolutionProperties) = preSolution
		HideSolutionNode = FALSE
	EndGlobalSection
	GlobalSection(ExtensibilityGlobals) = postSolution
		SolutionGuid = {8CD89340-627C-408B-9990-7EB64713CEA3}
	EndGlobalSection
EndGlobal
